// !$*UTF8*$!
{
	archiveVersion = 1;
	classes = {
	};
	objectVersion = 46;
	objects = {

/* Begin PBXBuildFile section */
		F44B85DE1CF6F2E200A51F57 /* AppDelegate.swift in Sources */ = {isa = PBXBuildFile; fileRef = F44B85DD1CF6F2E200A51F57 /* AppDelegate.swift */; };
		F44B85E01CF6F2E200A51F57 /* ViewController.swift in Sources */ = {isa = PBXBuildFile; fileRef = F44B85DF1CF6F2E200A51F57 /* ViewController.swift */; };
		F44B85E31CF6F2E200A51F57 /* Main.storyboard in Resources */ = {isa = PBXBuildFile; fileRef = F44B85E11CF6F2E200A51F57 /* Main.storyboard */; };
		F44B85E51CF6F2E200A51F57 /* Assets.xcassets in Resources */ = {isa = PBXBuildFile; fileRef = F44B85E41CF6F2E200A51F57 /* Assets.xcassets */; };
		F44B85E81CF6F2E200A51F57 /* LaunchScreen.storyboard in Resources */ = {isa = PBXBuildFile; fileRef = F44B85E61CF6F2E200A51F57 /* LaunchScreen.storyboard */; };
/* End PBXBuildFile section */

/* Begin PBXContainerItemProxy section */
		F44B85F31CF6F2EF00A51F57 /* PBXContainerItemProxy */ = {
			isa = PBXContainerItemProxy;
			containerPortal = F44B85EF1CF6F2EF00A51F57 /* SwiftyAlert.xcodeproj */;
			proxyType = 2;
			remoteGlobalIDString = F44B85C61CF6F2C400A51F57;
			remoteInfo = SwiftyAlert;
		};
/* End PBXContainerItemProxy section */

/* Begin PBXFileReference section */
		F44B85DA1CF6F2E200A51F57 /* Example.app */ = {isa = PBXFileReference; explicitFileType = wrapper.application; includeInIndex = 0; path = Example.app; sourceTree = BUILT_PRODUCTS_DIR; };
		F44B85DD1CF6F2E200A51F57 /* AppDelegate.swift */ = {isa = PBXFileReference; lastKnownFileType = sourcecode.swift; path = AppDelegate.swift; sourceTree = "<group>"; };
		F44B85DF1CF6F2E200A51F57 /* ViewController.swift */ = {isa = PBXFileReference; lastKnownFileType = sourcecode.swift; path = ViewController.swift; sourceTree = "<group>"; };
		F44B85E21CF6F2E200A51F57 /* Base */ = {isa = PBXFileReference; lastKnownFileType = file.storyboard; name = Base; path = Base.lproj/Main.storyboard; sourceTree = "<group>"; };
		F44B85E41CF6F2E200A51F57 /* Assets.xcassets */ = {isa = PBXFileReference; lastKnownFileType = folder.assetcatalog; path = Assets.xcassets; sourceTree = "<group>"; };
		F44B85E71CF6F2E200A51F57 /* Base */ = {isa = PBXFileReference; lastKnownFileType = file.storyboard; name = Base; path = Base.lproj/LaunchScreen.storyboard; sourceTree = "<group>"; };
		F44B85E91CF6F2E200A51F57 /* Info.plist */ = {isa = PBXFileReference; lastKnownFileType = text.plist.xml; path = Info.plist; sourceTree = "<group>"; };
		F44B85EF1CF6F2EF00A51F57 /* SwiftyAlert.xcodeproj */ = {isa = PBXFileReference; lastKnownFileType = "wrapper.pb-project"; name = SwiftyAlert.xcodeproj; path = ../SwiftyAlert.xcodeproj; sourceTree = "<group>"; };
/* End PBXFileReference section */

/* Begin PBXFrameworksBuildPhase section */
		F44B85D71CF6F2E200A51F57 /* Frameworks */ = {
			isa = PBXFrameworksBuildPhase;
			buildActionMask = 2147483647;
			files = (
			);
			runOnlyForDeploymentPostprocessing = 0;
		};
/* End PBXFrameworksBuildPhase section */

/* Begin PBXGroup section */
		F44B85D11CF6F2E200A51F57 = {
			isa = PBXGroup;
			children = (
				F44B85DC1CF6F2E200A51F57 /* Example */,
				F44B85DB1CF6F2E200A51F57 /* Products */,
				F44B85EF1CF6F2EF00A51F57 /* SwiftyAlert.xcodeproj */,
			);
			sourceTree = "<group>";
		};
		F44B85DB1CF6F2E200A51F57 /* Products */ = {
			isa = PBXGroup;
			children = (
				F44B85DA1CF6F2E200A51F57 /* Example.app */,
			);
			name = Products;
			sourceTree = "<group>";
		};
		F44B85DC1CF6F2E200A51F57 /* Example */ = {
			isa = PBXGroup;
			children = (
				F44B85DD1CF6F2E200A51F57 /* AppDelegate.swift */,
				F44B85DF1CF6F2E200A51F57 /* ViewController.swift */,
				F44B85E11CF6F2E200A51F57 /* Main.storyboard */,
				F44B85E41CF6F2E200A51F57 /* Assets.xcassets */,
				F44B85E61CF6F2E200A51F57 /* LaunchScreen.storyboard */,
				F44B85E91CF6F2E200A51F57 /* Info.plist */,
			);
			path = Example;
			sourceTree = "<group>";
		};
		F44B85F01CF6F2EF00A51F57 /* Products */ = {
			isa = PBXGroup;
			children = (
				F44B85F41CF6F2EF00A51F57 /* SwiftyAlert.framework */,
			);
			name = Products;
			sourceTree = "<group>";
		};
/* End PBXGroup section */

/* Begin PBXNativeTarget section */
		F44B85D91CF6F2E200A51F57 /* Example */ = {
			isa = PBXNativeTarget;
			buildConfigurationList = F44B85EC1CF6F2E200A51F57 /* Build configuration list for PBXNativeTarget "Example" */;
			buildPhases = (
				F44B85D61CF6F2E200A51F57 /* Sources */,
				F44B85D71CF6F2E200A51F57 /* Frameworks */,
				F44B85D81CF6F2E200A51F57 /* Resources */,
			);
			buildRules = (
			);
			dependencies = (
			);
			name = Example;
			productName = Example;
			productReference = F44B85DA1CF6F2E200A51F57 /* Example.app */;
			productType = "com.apple.product-type.application";
		};
/* End PBXNativeTarget section */

/* Begin PBXProject section */
		F44B85D21CF6F2E200A51F57 /* Project object */ = {
			isa = PBXProject;
			attributes = {
				LastSwiftUpdateCheck = 0730;
				LastUpgradeCheck = 0800;
				ORGANIZATIONNAME = simorgh;
				TargetAttributes = {
					F44B85D91CF6F2E200A51F57 = {
						CreatedOnToolsVersion = 7.3;
					};
				};
			};
			buildConfigurationList = F44B85D51CF6F2E200A51F57 /* Build configuration list for PBXProject "Example" */;
			compatibilityVersion = "Xcode 3.2";
			developmentRegion = English;
			hasScannedForEncodings = 0;
			knownRegions = (
				en,
				Base,
			);
			mainGroup = F44B85D11CF6F2E200A51F57;
			productRefGroup = F44B85DB1CF6F2E200A51F57 /* Products */;
			projectDirPath = "";
			projectReferences = (
				{
					ProductGroup = F44B85F01CF6F2EF00A51F57 /* Products */;
					ProjectRef = F44B85EF1CF6F2EF00A51F57 /* SwiftyAlert.xcodeproj */;
				},
			);
			projectRoot = "";
			targets = (
				F44B85D91CF6F2E200A51F57 /* Example */,
			);
		};
/* End PBXProject section */

/* Begin PBXReferenceProxy section */
		F44B85F41CF6F2EF00A51F57 /* SwiftyAlert.framework */ = {
			isa = PBXReferenceProxy;
			fileType = wrapper.framework;
			path = SwiftyAlert.framework;
			remoteRef = F44B85F31CF6F2EF00A51F57 /* PBXContainerItemProxy */;
			sourceTree = BUILT_PRODUCTS_DIR;
		};
/* End PBXReferenceProxy section */

/* Begin PBXResourcesBuildPhase section */
		F44B85D81CF6F2E200A51F57 /* Resources */ = {
			isa = PBXResourcesBuildPhase;
			buildActionMask = 2147483647;
			files = (
				F44B85E81CF6F2E200A51F57 /* LaunchScreen.storyboard in Resources */,
				F44B85E51CF6F2E200A51F57 /* Assets.xcassets in Resources */,
				F44B85E31CF6F2E200A51F57 /* Main.storyboard in Resources */,
			);
			runOnlyForDeploymentPostprocessing = 0;
		};
/* End PBXResourcesBuildPhase section */

/* Begin PBXSourcesBuildPhase section */
		F44B85D61CF6F2E200A51F57 /* Sources */ = {
			isa = PBXSourcesBuildPhase;
			buildActionMask = 2147483647;
			files = (
				F44B85E01CF6F2E200A51F57 /* ViewController.swift in Sources */,
				F44B85DE1CF6F2E200A51F57 /* AppDelegate.swift in Sources */,
			);
			runOnlyForDeploymentPostprocessing = 0;
		};
/* End PBXSourcesBuildPhase section */

/* Begin PBXVariantGroup section */
		F44B85E11CF6F2E200A51F57 /* Main.storyboard */ = {
			isa = PBXVariantGroup;
			children = (
				F44B85E21CF6F2E200A51F57 /* Base */,
			);
			name = Main.storyboard;
			sourceTree = "<group>";
		};
		F44B85E61CF6F2E200A51F57 /* LaunchScreen.storyboard */ = {
			isa = PBXVariantGroup;
			children = (
				F44B85E71CF6F2E200A51F57 /* Base */,
			);
			name = LaunchScreen.storyboard;
			sourceTree = "<group>";
		};
/* End PBXVariantGroup section */

/* Begin XCBuildConfiguration section */
		F44B85EA1CF6F2E200A51F57 /* Debug */ = {
			isa = XCBuildConfiguration;
			buildSettings = {
				ALWAYS_SEARCH_USER_PATHS = NO;
				CLANG_ANALYZER_NONNULL = YES;
				CLANG_CXX_LANGUAGE_STANDARD = "gnu++0x";
				CLANG_CXX_LIBRARY = "libc++";
				CLANG_ENABLE_MODULES = YES;
				CLANG_ENABLE_OBJC_ARC = YES;
				CLANG_WARN_BOOL_CONVERSION = YES;
				CLANG_WARN_CONSTANT_CONVERSION = YES;
				CLANG_WARN_DIRECT_OBJC_ISA_USAGE = YES_ERROR;
				CLANG_WARN_EMPTY_BODY = YES;
				CLANG_WARN_ENUM_CONVERSION = YES;
				CLANG_WARN_INFINITE_RECURSION = YES;
				CLANG_WARN_INT_CONVERSION = YES;
				CLANG_WARN_OBJC_ROOT_CLASS = YES_ERROR;
				CLANG_WARN_SUSPICIOUS_MOVE = YES;
				CLANG_WARN_UNREACHABLE_CODE = YES;
				CLANG_WARN__DUPLICATE_METHOD_MATCH = YES;
				"CODE_SIGN_IDENTITY[sdk=iphoneos*]" = "iPhone Developer";
				COPY_PHASE_STRIP = NO;
				DEBUG_INFORMATION_FORMAT = dwarf;
				ENABLE_STRICT_OBJC_MSGSEND = YES;
				ENABLE_TESTABILITY = YES;
				GCC_C_LANGUAGE_STANDARD = gnu99;
				GCC_DYNAMIC_NO_PIC = NO;
				GCC_NO_COMMON_BLOCKS = YES;
				GCC_OPTIMIZATION_LEVEL = 0;
				GCC_PREPROCESSOR_DEFINITIONS = (
					"DEBUG=1",
					"$(inherited)",
				);
				GCC_WARN_64_TO_32_BIT_CONVERSION = YES;
				GCC_WARN_ABOUT_RETURN_TYPE = YES_ERROR;
				GCC_WARN_UNDECLARED_SELECTOR = YES;
				GCC_WARN_UNINITIALIZED_AUTOS = YES_AGGRESSIVE;
				GCC_WARN_UNUSED_FUNCTION = YES;
				GCC_WARN_UNUSED_VARIABLE = YES;
				IPHONEOS_DEPLOYMENT_TARGET = 8.0;
				MTL_ENABLE_DEBUG_INFO = YES;
				ONLY_ACTIVE_ARCH = YES;
				SDKROOT = iphoneos;
				SWIFT_OPTIMIZATION_LEVEL = "-Onone";
				SWIFT_VERSION = 3.0;
				TARGETED_DEVICE_FAMILY = "1,2";
			};
			name = Debug;
		};
		F44B85EB1CF6F2E200A51F57 /* Release */ = {
			isa = XCBuildConfiguration;
			buildSettings = {
				ALWAYS_SEARCH_USER_PATHS = NO;
				CLANG_ANALYZER_NONNULL = YES;
				CLANG_CXX_LANGUAGE_STANDARD = "gnu++0x";
				CLANG_CXX_LIBRARY = "libc++";
				CLANG_ENABLE_MODULES = YES;
				CLANG_ENABLE_OBJC_ARC = YES;
				CLANG_WARN_BOOL_CONVERSION = YES;
				CLANG_WARN_CONSTANT_CONVERSION = YES;
				CLANG_WARN_DIRECT_OBJC_ISA_USAGE = YES_ERROR;
				CLANG_WARN_EMPTY_BODY = YES;
				CLANG_WARN_ENUM_CONVERSION = YES;
				CLANG_WARN_INFINITE_RECURSION = YES;
				CLANG_WARN_INT_CONVERSION = YES;
				CLANG_WARN_OBJC_ROOT_CLASS = YES_ERROR;
				CLANG_WARN_SUSPICIOUS_MOVE = YES;
				CLANG_WARN_UNREACHABLE_CODE = YES;
				CLANG_WARN__DUPLICATE_METHOD_MATCH = YES;
				"CODE_SIGN_IDENTITY[sdk=iphoneos*]" = "iPhone Developer";
				COPY_PHASE_STRIP = NO;
				DEBUG_INFORMATION_FORMAT = "dwarf-with-dsym";
				ENABLE_NS_ASSERTIONS = NO;
				ENABLE_STRICT_OBJC_MSGSEND = YES;
				GCC_C_LANGUAGE_STANDARD = gnu99;
				GCC_NO_COMMON_BLOCKS = YES;
				GCC_WARN_64_TO_32_BIT_CONVERSION = YES;
				GCC_WARN_ABOUT_RETURN_TYPE = YES_ERROR;
				GCC_WARN_UNDECLARED_SELECTOR = YES;
				GCC_WARN_UNINITIALIZED_AUTOS = YES_AGGRESSIVE;
				GCC_WARN_UNUSED_FUNCTION = YES;
				GCC_WARN_UNUSED_VARIABLE = YES;
				IPHONEOS_DEPLOYMENT_TARGET = 8.0;
				MTL_ENABLE_DEBUG_INFO = NO;
				SDKROOT = iphoneos;
				SWIFT_OPTIMIZATION_LEVEL = "-Owholemodule";
				SWIFT_VERSION = 3.0;
				TARGETED_DEVICE_FAMILY = "1,2";
				VALIDATE_PRODUCT = YES;
			};
			name = Release;
		};
		F44B85ED1CF6F2E200A51F57 /* Debug */ = {
			isa = XCBuildConfiguration;
			buildSettings = {
				ASSETCATALOG_COMPILER_APPICON_NAME = AppIcon;
				INFOPLIST_FILE = Example/Info.plist;
				IPHONEOS_DEPLOYMENT_TARGET = 8.0;
				LD_RUNPATH_SEARCH_PATHS = "$(inherited) @executable_path/Frameworks";
				PRODUCT_BUNDLE_IDENTIFIER = com.simorgh.Example;
				PRODUCT_NAME = "$(TARGET_NAME)";
				SWIFT_VERSION = 3.0;
			};
			name = Debug;
		};
		F44B85EE1CF6F2E200A51F57 /* Release */ = {
			isa = XCBuildConfiguration;
			buildSettings = {
				ASSETCATALOG_COMPILER_APPICON_NAME = AppIcon;
				INFOPLIST_FILE = Example/Info.plist;
				IPHONEOS_DEPLOYMENT_TARGET = 8.0;
				LD_RUNPATH_SEARCH_PATHS = "$(inherited) @executable_path/Frameworks";
				PRODUCT_BUNDLE_IDENTIFIER = com.simorgh.Example;
				PRODUCT_NAME = "$(TARGET_NAME)";
				SWIFT_VERSION = 3.0;
			};
			name = Release;
		};
/* End XCBuildConfiguration section */

/* Begin XCConfigurationList section */
		F44B85D51CF6F2E200A51F57 /* Build configuration list for PBXProject "Example" */ = {
			isa = XCConfigurationList;
			buildConfigurations = (
				F44B85EA1CF6F2E200A51F57 /* Debug */,
				F44B85EB1CF6F2E200A51F57 /* Release */,
			);
			defaultConfigurationIsVisible = 0;
			defaultConfigurationName = Release;
		};
		F44B85EC1CF6F2E200A51F57 /* Build configuration list for PBXNativeTarget "Example" */ = {
			isa = XCConfigurationList;
			buildConfigurations = (
				F44B85ED1CF6F2E200A51F57 /* Debug */,
				F44B85EE1CF6F2E200A51F57 /* Release */,
			);
			defaultConfigurationIsVisible = 0;
			defaultConfigurationName = Release;
		};
/* End XCConfigurationList section */
	};
	rootObject = F44B85D21CF6F2E200A51F57 /* Project object */;
}
